
Microsoft Visual Studio Solution File, Format Version 12.00
# Visual Studio Version 16
VisualStudioVersion = 16.0.30717.126
MinimumVisualStudioVersion = 10.0.40219.1
Project("{FAE04EC0-301F-11D3-BF4B-00C04F79EFBC}") = "AwaitDemo", "AwaitDemo\AwaitDemo.csproj", "{36EBDBBD-7D21-49CA-A88A-8D0992A88023}"
EndProject
Global
	GlobalSection(SolutionConfigurationPlatforms) = preSolution
		Debug|Any CPU = Debug|Any CPU
		Release|Any CPU = Release|Any CPU
	EndGlobalSection
	GlobalSection(ProjectConfigurationPlatforms) = postSolution
		{36EBDBBD-7D21-49CA-A88A-8D0992A88023}.Debug|Any CPU.ActiveCfg = Debug|Any CPU
		{36EBDBBD-7D21-49CA-A88A-8D0992A88023}.Debug|Any CPU.Build.0 = Debug|Any CPU
		{36EBDBBD-7D21-49CA-A88A-8D0992A88023}.Release|Any CPU.ActiveCfg = Release|Any CPU
		{36EBDBBD-7D21-49CA-A88A-8D0992A88023}.Release|Any CPU.Build.0 = Release|Any CPU
	EndGlobalSection
	GlobalSection(SolutionProperties) = preSolution
		HideSolutionNode = FALSE
	EndGlobalSection
	GlobalSection(ExtensibilityGlobals) = postSolution
		SolutionGuid = {DFDD3D65-7DAD-4721-941A-1B52E0912F6D}
	EndGlobalSection
EndGlobal
