
Microsoft Visual Studio Solution File, Format Version 12.00
# Visual Studio Version 16
VisualStudioVersion = 16.0.30717.126
MinimumVisualStudioVersion = 10.0.40219.1
Project("{FAE04EC0-301F-11D3-BF4B-00C04F79EFBC}") = "PatternMatching", "PatternMatching\PatternMatching.csproj", "{4D3ECD6D-A0C2-400D-B7D7-5DF830B6CBDE}"
EndProject
Global
	GlobalSection(SolutionConfigurationPlatforms) = preSolution
		Debug|Any CPU = Debug|Any CPU
		Release|Any CPU = Release|Any CPU
	EndGlobalSection
	GlobalSection(ProjectConfigurationPlatforms) = postSolution
		{4D3ECD6D-A0C2-400D-B7D7-5DF830B6CBDE}.Debug|Any CPU.ActiveCfg = Debug|Any CPU
		{4D3ECD6D-A0C2-400D-B7D7-5DF830B6CBDE}.Debug|Any CPU.Build.0 = Debug|Any CPU
		{4D3ECD6D-A0C2-400D-B7D7-5DF830B6CBDE}.Release|Any CPU.ActiveCfg = Release|Any CPU
		{4D3ECD6D-A0C2-400D-B7D7-5DF830B6CBDE}.Release|Any CPU.Build.0 = Release|Any CPU
	EndGlobalSection
	GlobalSection(SolutionProperties) = preSolution
		HideSolutionNode = FALSE
	EndGlobalSection
	GlobalSection(ExtensibilityGlobals) = postSolution
		SolutionGuid = {4DBFC512-6CCC-45B0-B0CA-92D867F201F1}
	EndGlobalSection
EndGlobal
